Microsoft Visual Studio Solution File, Format Version 11.00
# Visual Studio 2008

Project("{7AB3D444-DA96-DDFE-B29B-289C2EF9A28A}") = "GameDesignProject", "Assembly-CSharp-firstpass.csproj", "{428D7820-23C8-94F5-A674-4B4834625F22}"
EndProject
Project("{7AB3D444-DA96-DDFE-B29B-289C2EF9A28A}") = "GameDesignProject", "Assembly-CSharp.csproj", "{CBE59015-8BE5-9004-1C2A-B7C1BB4DD8E5}"
EndProject
Project("{7AB3D444-DA96-DDFE-B29B-289C2EF9A28A}") = "GameDesignProject", "Assembly-UnityScript-firstpass.unityproj", "{DFC7C38C-E5F2-DC98-F177-48A9DF18F5AF}"
EndProject
Project("{7AB3D444-DA96-DDFE-B29B-289C2EF9A28A}") = "GameDesignProject", "Assembly-UnityScript.unityproj", "{A6E99B54-14A3-BB66-A11F-3E5E0639C7F6}"
EndProject
Global
	GlobalSection(SolutionConfigurationPlatforms) = preSolution
		Debug|Any CPU = Debug|Any CPU
		Release|Any CPU = Release|Any CPU
	EndGlobalSection
	GlobalSection(ProjectConfigurationPlatforms) = postSolution
		{428D7820-23C8-94F5-A674-4B4834625F22}.Debug|Any CPU.ActiveCfg = Debug|Any CPU
		{428D7820-23C8-94F5-A674-4B4834625F22}.Debug|Any CPU.Build.0 = Debug|Any CPU
		{428D7820-23C8-94F5-A674-4B4834625F22}.Release|Any CPU.ActiveCfg = Release|Any CPU
		{428D7820-23C8-94F5-A674-4B4834625F22}.Release|Any CPU.Build.0 = Release|Any CPU
		{CBE59015-8BE5-9004-1C2A-B7C1BB4DD8E5}.Debug|Any CPU.ActiveCfg = Debug|Any CPU
		{CBE59015-8BE5-9004-1C2A-B7C1BB4DD8E5}.Debug|Any CPU.Build.0 = Debug|Any CPU
		{CBE59015-8BE5-9004-1C2A-B7C1BB4DD8E5}.Release|Any CPU.ActiveCfg = Release|Any CPU
		{CBE59015-8BE5-9004-1C2A-B7C1BB4DD8E5}.Release|Any CPU.Build.0 = Release|Any CPU
		{DFC7C38C-E5F2-DC98-F177-48A9DF18F5AF}.Debug|Any CPU.ActiveCfg = Debug|Any CPU
		{DFC7C38C-E5F2-DC98-F177-48A9DF18F5AF}.Debug|Any CPU.Build.0 = Debug|Any CPU
		{DFC7C38C-E5F2-DC98-F177-48A9DF18F5AF}.Release|Any CPU.ActiveCfg = Release|Any CPU
		{DFC7C38C-E5F2-DC98-F177-48A9DF18F5AF}.Release|Any CPU.Build.0 = Release|Any CPU
		{A6E99B54-14A3-BB66-A11F-3E5E0639C7F6}.Debug|Any CPU.ActiveCfg = Debug|Any CPU
		{A6E99B54-14A3-BB66-A11F-3E5E0639C7F6}.Debug|Any CPU.Build.0 = Debug|Any CPU
		{A6E99B54-14A3-BB66-A11F-3E5E0639C7F6}.Release|Any CPU.ActiveCfg = Release|Any CPU
		{A6E99B54-14A3-BB66-A11F-3E5E0639C7F6}.Release|Any CPU.Build.0 = Release|Any CPU
	EndGlobalSection
	GlobalSection(SolutionProperties) = preSolution
		HideSolutionNode = FALSE
	EndGlobalSection
				GlobalSection(MonoDevelopProperties) = preSolution
				GlobalSection(MonoDevelopProperties) = preSolution
		StartupItem = Assembly-CSharp.csproj
		Policies = $0
		$0.TextStylePolicy = $1
		$1.inheritsSet = null
		$1.scope = text/x-csharp
		$0.CSharpFormattingPolicy = $2
		$2.inheritsSet = Mono
		$2.inheritsScope = text/x-csharp
		$2.scope = text/x-csharp
		$0.TextStylePolicy = $3
		$3.FileWidth = 120
		$3.TabWidth = 4
		$3.EolMarker = Unix
		$3.inheritsSet = Mono
		$3.inheritsScope = text/plain
		$3.scope = text/plain
	EndGlobalSection

EndGlobal
